// !$*UTF8*$!
{
	archiveVersion = 1;
	classes = {
	};
	objectVersion = 51;
	objects = {

/* Begin PBXBuildFile section */
		102DE2DB22F7C656002B1897 /* WaitingViewController.swift in Sources */ = {isa = PBXBuildFile; fileRef = 102DE2DA22F7C656002B1897 /* WaitingViewController.swift */; };
		102DE2DD22F87B0E002B1897 /* progress_bar.json in Resources */ = {isa = PBXBuildFile; fileRef = 102DE2DC22F87B0E002B1897 /* progress_bar.json */; };
		102DE2DF22F8825F002B1897 /* UIButton.swift in Sources */ = {isa = PBXBuildFile; fileRef = 102DE2DE22F8825F002B1897 /* UIButton.swift */; };
		8D94DF8DA0DF1A7FD79412C4 /* Pods_BluetoothV1.framework in Frameworks */ = {isa = PBXBuildFile; fileRef = F0362CEF82C84DE0A7F29CEC /* Pods_BluetoothV1.framework */; };
		8E01BD3C22FA02610064219D /* BluetoothManager.swift in Sources */ = {isa = PBXBuildFile; fileRef = 8E01BD3B22FA02610064219D /* BluetoothManager.swift */; };
		8E01BD4122FA33A90064219D /* TemperatureCell.swift in Sources */ = {isa = PBXBuildFile; fileRef = 8E01BD3F22FA33A90064219D /* TemperatureCell.swift */; };
		8E01BD4222FA33A90064219D /* TemperatureCell.xib in Resources */ = {isa = PBXBuildFile; fileRef = 8E01BD4022FA33A90064219D /* TemperatureCell.xib */; };
		8E01BD4422FA54820064219D /* Date.swift in Sources */ = {isa = PBXBuildFile; fileRef = 8E01BD4322FA54820064219D /* Date.swift */; };
		8E1FC1B722F89F0200A8C9FF /* libc++.1.tbd in Frameworks */ = {isa = PBXBuildFile; fileRef = 8E1FC1B322F89F0200A8C9FF /* libc++.1.tbd */; };
		8E1FC1B822F89F0200A8C9FF /* libc.tbd in Frameworks */ = {isa = PBXBuildFile; fileRef = 8E1FC1B422F89F0200A8C9FF /* libc.tbd */; };
		8E1FC1B922F89F0200A8C9FF /* libc++.tbd in Frameworks */ = {isa = PBXBuildFile; fileRef = 8E1FC1B522F89F0200A8C9FF /* libc++.tbd */; };
		8E1FC1BA22F89F0200A8C9FF /* libc++abi.tbd in Frameworks */ = {isa = PBXBuildFile; fileRef = 8E1FC1B622F89F0200A8C9FF /* libc++abi.tbd */; };
		8E1FC1BC22F8AD3E00A8C9FF /* Notification.swift in Sources */ = {isa = PBXBuildFile; fileRef = 8E1FC1BB22F8AD3E00A8C9FF /* Notification.swift */; };
		8E1FC1BE22F8C5FA00A8C9FF /* UIViewController.swift in Sources */ = {isa = PBXBuildFile; fileRef = 8E1FC1BD22F8C5FA00A8C9FF /* UIViewController.swift */; };
		8E1FC1C022F8E5B000A8C9FF /* DeviceViewController.swift in Sources */ = {isa = PBXBuildFile; fileRef = 8E1FC1BF22F8E5B000A8C9FF /* DeviceViewController.swift */; };
		8E1FC1C222F8E5EA00A8C9FF /* DeviceViewModel.swift in Sources */ = {isa = PBXBuildFile; fileRef = 8E1FC1C122F8E5EA00A8C9FF /* DeviceViewModel.swift */; };
		8E1FC1C722F8F9AE00A8C9FF /* NewDeviceViewController.swift in Sources */ = {isa = PBXBuildFile; fileRef = 8E1FC1C522F8F9AE00A8C9FF /* NewDeviceViewController.swift */; };
		8E1FC1C822F8F9AE00A8C9FF /* NewDeviceViewController.xib in Resources */ = {isa = PBXBuildFile; fileRef = 8E1FC1C622F8F9AE00A8C9FF /* NewDeviceViewController.xib */; };
		8E1FC1CA22F906DD00A8C9FF /* UIView.swift in Sources */ = {isa = PBXBuildFile; fileRef = 8E1FC1C922F906DD00A8C9FF /* UIView.swift */; };
		8E27659822F49DBD00E2C70F /* AppDelegate.swift in Sources */ = {isa = PBXBuildFile; fileRef = 8E27659722F49DBD00E2C70F /* AppDelegate.swift */; };
		8E2765A122F49DBF00E2C70F /* Assets.xcassets in Resources */ = {isa = PBXBuildFile; fileRef = 8E2765A022F49DBF00E2C70F /* Assets.xcassets */; };
		8E2765A422F49DBF00E2C70F /* LaunchScreen.storyboard in Resources */ = {isa = PBXBuildFile; fileRef = 8E2765A222F49DBF00E2C70F /* LaunchScreen.storyboard */; };
		8E2765AC22F49DE900E2C70F /* Record.swift in Sources */ = {isa = PBXBuildFile; fileRef = 8E2765AB22F49DE900E2C70F /* Record.swift */; };
		8E2765AE22F4A35300E2C70F /* DiscoverViewController.swift in Sources */ = {isa = PBXBuildFile; fileRef = 8E2765AD22F4A35300E2C70F /* DiscoverViewController.swift */; };
		8E2765B022F4EA1F00E2C70F /* UIImage.swift in Sources */ = {isa = PBXBuildFile; fileRef = 8E2765AF22F4EA1F00E2C70F /* UIImage.swift */; };
		8E2765B222F4EBD600E2C70F /* UIColor.swift in Sources */ = {isa = PBXBuildFile; fileRef = 8E2765B122F4EBD600E2C70F /* UIColor.swift */; };
		8E2765B422F4EBDB00E2C70F /* UIFont.swift in Sources */ = {isa = PBXBuildFile; fileRef = 8E2765B322F4EBDB00E2C70F /* UIFont.swift */; };
		8E5288B222F4EEF600AFB2A4 /* DeviceCell.swift in Sources */ = {isa = PBXBuildFile; fileRef = 8E5288B022F4EEF600AFB2A4 /* DeviceCell.swift */; };
		8E5288B322F4EEF600AFB2A4 /* DeviceCell.xib in Resources */ = {isa = PBXBuildFile; fileRef = 8E5288B122F4EEF600AFB2A4 /* DeviceCell.xib */; };
		8E8803F022FBA695007CA201 /* Functions.swift in Sources */ = {isa = PBXBuildFile; fileRef = 8E8803EF22FBA695007CA201 /* Functions.swift */; };
		8EC625AF22FDEA81003FFABE /* libDeviceCommand.a in Frameworks */ = {isa = PBXBuildFile; fileRef = 8E1FC1AF22F89E1F00A8C9FF /* libDeviceCommand.a */; };
		8EC625B322FDF0C7003FFABE /* Contant.swift in Sources */ = {isa = PBXBuildFile; fileRef = 8EC625B222FDF0C7003FFABE /* Contant.swift */; };
		8EC625B522FE2995003FFABE /* DeviceStore.swift in Sources */ = {isa = PBXBuildFile; fileRef = 8EC625B422FE2995003FFABE /* DeviceStore.swift */; };
		8EDAE52522FB47A0002D66D3 /* BloodPressureCell.swift in Sources */ = {isa = PBXBuildFile; fileRef = 8EDAE52322FB47A0002D66D3 /* BloodPressureCell.swift */; };
		8EDAE52622FB47A0002D66D3 /* BloodPressureCell.xib in Resources */ = {isa = PBXBuildFile; fileRef = 8EDAE52422FB47A0002D66D3 /* BloodPressureCell.xib */; };
		8EF1C1ED22F4F843009A8CB4 /* DiscoverViewModel.swift in Sources */ = {isa = PBXBuildFile; fileRef = 8EF1C1EC22F4F843009A8CB4 /* DiscoverViewModel.swift */; };
		8EF1C1F022F4FECB009A8CB4 /* SpinView.swift in Sources */ = {isa = PBXBuildFile; fileRef = 8EF1C1EE22F4FECB009A8CB4 /* SpinView.swift */; };
		8EF1C1F122F4FECB009A8CB4 /* StatusBar.swift in Sources */ = {isa = PBXBuildFile; fileRef = 8EF1C1EF22F4FECB009A8CB4 /* StatusBar.swift */; };
		8EF7B24D22FC97AB0081712A /* BatchCell.swift in Sources */ = {isa = PBXBuildFile; fileRef = 8EF7B24C22FC97AB0081712A /* BatchCell.swift */; };
/* End PBXBuildFile section */

/* Begin PBXFileReference section */
		102DE2DA22F7C656002B1897 /* WaitingViewController.swift */ = {isa = PBXFileReference; lastKnownFileType = sourcecode.swift; path = WaitingViewController.swift; sourceTree = "<group>"; };
		102DE2DC22F87B0E002B1897 /* progress_bar.json */ = {isa = PBXFileReference; fileEncoding = 4; lastKnownFileType = text.json; path = progress_bar.json; sourceTree = "<group>"; };
		102DE2DE22F8825F002B1897 /* UIButton.swift */ = {isa = PBXFileReference; lastKnownFileType = sourcecode.swift; path = UIButton.swift; sourceTree = "<group>"; };
		8E01BD3B22FA02610064219D /* BluetoothManager.swift */ = {isa = PBXFileReference; lastKnownFileType = sourcecode.swift; path = BluetoothManager.swift; sourceTree = "<group>"; };
		8E01BD3F22FA33A90064219D /* TemperatureCell.swift */ = {isa = PBXFileReference; lastKnownFileType = sourcecode.swift; path = TemperatureCell.swift; sourceTree = "<group>"; };
		8E01BD4022FA33A90064219D /* TemperatureCell.xib */ = {isa = PBXFileReference; lastKnownFileType = file.xib; path = TemperatureCell.xib; sourceTree = "<group>"; };
		8E01BD4322FA54820064219D /* Date.swift */ = {isa = PBXFileReference; lastKnownFileType = sourcecode.swift; path = Date.swift; sourceTree = "<group>"; };
		8E1FC1AF22F89E1F00A8C9FF /* libDeviceCommand.a */ = {isa = PBXFileReference; lastKnownFileType = archive.ar; path = libDeviceCommand.a; sourceTree = "<group>"; };
		8E1FC1B022F89E1F00A8C9FF /* DeviceCommand.h */ = {isa = PBXFileReference; fileEncoding = 4; lastKnownFileType = sourcecode.c.h; path = DeviceCommand.h; sourceTree = "<group>"; };
		8E1FC1B222F89E5700A8C9FF /* AiTmed-Bridging-Header.h */ = {isa = PBXFileReference; lastKnownFileType = sourcecode.c.h; path = "AiTmed-Bridging-Header.h"; sourceTree = "<group>"; };
		8E1FC1B322F89F0200A8C9FF /* libc++.1.tbd */ = {isa = PBXFileReference; lastKnownFileType = "sourcecode.text-based-dylib-definition"; name = "libc++.1.tbd"; path = "usr/lib/libc++.1.tbd"; sourceTree = SDKROOT; };
		8E1FC1B422F89F0200A8C9FF /* libc.tbd */ = {isa = PBXFileReference; lastKnownFileType = "sourcecode.text-based-dylib-definition"; name = libc.tbd; path = usr/lib/libc.tbd; sourceTree = SDKROOT; };
		8E1FC1B522F89F0200A8C9FF /* libc++.tbd */ = {isa = PBXFileReference; lastKnownFileType = "sourcecode.text-based-dylib-definition"; name = "libc++.tbd"; path = "usr/lib/libc++.tbd"; sourceTree = SDKROOT; };
		8E1FC1B622F89F0200A8C9FF /* libc++abi.tbd */ = {isa = PBXFileReference; lastKnownFileType = "sourcecode.text-based-dylib-definition"; name = "libc++abi.tbd"; path = "usr/lib/libc++abi.tbd"; sourceTree = SDKROOT; };
		8E1FC1BB22F8AD3E00A8C9FF /* Notification.swift */ = {isa = PBXFileReference; lastKnownFileType = sourcecode.swift; path = Notification.swift; sourceTree = "<group>"; };
		8E1FC1BD22F8C5FA00A8C9FF /* UIViewController.swift */ = {isa = PBXFileReference; fileEncoding = 4; lastKnownFileType = sourcecode.swift; path = UIViewController.swift; sourceTree = "<group>"; };
		8E1FC1BF22F8E5B000A8C9FF /* DeviceViewController.swift */ = {isa = PBXFileReference; lastKnownFileType = sourcecode.swift; path = DeviceViewController.swift; sourceTree = "<group>"; };
		8E1FC1C122F8E5EA00A8C9FF /* DeviceViewModel.swift */ = {isa = PBXFileReference; lastKnownFileType = sourcecode.swift; path = DeviceViewModel.swift; sourceTree = "<group>"; };
		8E1FC1C522F8F9AE00A8C9FF /* NewDeviceViewController.swift */ = {isa = PBXFileReference; lastKnownFileType = sourcecode.swift; path = NewDeviceViewController.swift; sourceTree = "<group>"; };
		8E1FC1C622F8F9AE00A8C9FF /* NewDeviceViewController.xib */ = {isa = PBXFileReference; lastKnownFileType = file.xib; path = NewDeviceViewController.xib; sourceTree = "<group>"; };
		8E1FC1C922F906DD00A8C9FF /* UIView.swift */ = {isa = PBXFileReference; lastKnownFileType = sourcecode.swift; path = UIView.swift; sourceTree = "<group>"; };
		8E27659422F49DBD00E2C70F /* BluetoothV1.app */ = {isa = PBXFileReference; explicitFileType = wrapper.application; includeInIndex = 0; path = BluetoothV1.app; sourceTree = BUILT_PRODUCTS_DIR; };
		8E27659722F49DBD00E2C70F /* AppDelegate.swift */ = {isa = PBXFileReference; lastKnownFileType = sourcecode.swift; path = AppDelegate.swift; sourceTree = "<group>"; };
		8E27659E22F49DBD00E2C70F /* Base */ = {isa = PBXFileReference; lastKnownFileType = file.storyboard; name = Base; path = Base.lproj/Main.storyboard; sourceTree = "<group>"; };
		8E2765A022F49DBF00E2C70F /* Assets.xcassets */ = {isa = PBXFileReference; lastKnownFileType = folder.assetcatalog; path = Assets.xcassets; sourceTree = "<group>"; };
		8E2765A322F49DBF00E2C70F /* Base */ = {isa = PBXFileReference; lastKnownFileType = file.storyboard; name = Base; path = Base.lproj/LaunchScreen.storyboard; sourceTree = "<group>"; };
		8E2765A522F49DBF00E2C70F /* Info.plist */ = {isa = PBXFileReference; lastKnownFileType = text.plist.xml; path = Info.plist; sourceTree = "<group>"; };
		8E2765AB22F49DE900E2C70F /* Record.swift */ = {isa = PBXFileReference; fileEncoding = 4; lastKnownFileType = sourcecode.swift; path = Record.swift; sourceTree = "<group>"; };
		8E2765AD22F4A35300E2C70F /* DiscoverViewController.swift */ = {isa = PBXFileReference; lastKnownFileType = sourcecode.swift; path = DiscoverViewController.swift; sourceTree = "<group>"; };
		8E2765AF22F4EA1F00E2C70F /* UIImage.swift */ = {isa = PBXFileReference; fileEncoding = 4; lastKnownFileType = sourcecode.swift; path = UIImage.swift; sourceTree = "<group>"; };
		8E2765B122F4EBD600E2C70F /* UIColor.swift */ = {isa = PBXFileReference; fileEncoding = 4; lastKnownFileType = sourcecode.swift; path = UIColor.swift; sourceTree = "<group>"; };
		8E2765B322F4EBDB00E2C70F /* UIFont.swift */ = {isa = PBXFileReference; fileEncoding = 4; lastKnownFileType = sourcecode.swift; path = UIFont.swift; sourceTree = "<group>"; };
		8E5288B022F4EEF600AFB2A4 /* DeviceCell.swift */ = {isa = PBXFileReference; lastKnownFileType = sourcecode.swift; path = DeviceCell.swift; sourceTree = "<group>"; };
		8E5288B122F4EEF600AFB2A4 /* DeviceCell.xib */ = {isa = PBXFileReference; lastKnownFileType = file.xib; path = DeviceCell.xib; sourceTree = "<group>"; };
		8E8803EF22FBA695007CA201 /* Functions.swift */ = {isa = PBXFileReference; lastKnownFileType = sourcecode.swift; path = Functions.swift; sourceTree = "<group>"; };
		8EC625B222FDF0C7003FFABE /* Contant.swift */ = {isa = PBXFileReference; lastKnownFileType = sourcecode.swift; path = Contant.swift; sourceTree = "<group>"; };
		8EC625B422FE2995003FFABE /* DeviceStore.swift */ = {isa = PBXFileReference; lastKnownFileType = sourcecode.swift; path = DeviceStore.swift; sourceTree = "<group>"; };
		8EDAE52322FB47A0002D66D3 /* BloodPressureCell.swift */ = {isa = PBXFileReference; lastKnownFileType = sourcecode.swift; path = BloodPressureCell.swift; sourceTree = "<group>"; };
		8EDAE52422FB47A0002D66D3 /* BloodPressureCell.xib */ = {isa = PBXFileReference; lastKnownFileType = file.xib; path = BloodPressureCell.xib; sourceTree = "<group>"; };
		8EF1C1EC22F4F843009A8CB4 /* DiscoverViewModel.swift */ = {isa = PBXFileReference; lastKnownFileType = sourcecode.swift; path = DiscoverViewModel.swift; sourceTree = "<group>"; };
		8EF1C1EE22F4FECB009A8CB4 /* SpinView.swift */ = {isa = PBXFileReference; fileEncoding = 4; lastKnownFileType = sourcecode.swift; path = SpinView.swift; sourceTree = "<group>"; };
		8EF1C1EF22F4FECB009A8CB4 /* StatusBar.swift */ = {isa = PBXFileReference; fileEncoding = 4; lastKnownFileType = sourcecode.swift; path = StatusBar.swift; sourceTree = "<group>"; };
		8EF7B24C22FC97AB0081712A /* BatchCell.swift */ = {isa = PBXFileReference; lastKnownFileType = sourcecode.swift; path = BatchCell.swift; sourceTree = "<group>"; };
		E0DB98F98727075917CD0A91 /* Pods-BluetoothV1.release.xcconfig */ = {isa = PBXFileReference; includeInIndex = 1; lastKnownFileType = text.xcconfig; name = "Pods-BluetoothV1.release.xcconfig"; path = "Target Support Files/Pods-BluetoothV1/Pods-BluetoothV1.release.xcconfig"; sourceTree = "<group>"; };
		F0362CEF82C84DE0A7F29CEC /* Pods_BluetoothV1.framework */ = {isa = PBXFileReference; explicitFileType = wrapper.framework; includeInIndex = 0; path = Pods_BluetoothV1.framework; sourceTree = BUILT_PRODUCTS_DIR; };
		F384271F5AC77F48DCA69DE5 /* Pods-BluetoothV1.debug.xcconfig */ = {isa = PBXFileReference; includeInIndex = 1; lastKnownFileType = text.xcconfig; name = "Pods-BluetoothV1.debug.xcconfig"; path = "Target Support Files/Pods-BluetoothV1/Pods-BluetoothV1.debug.xcconfig"; sourceTree = "<group>"; };
/* End PBXFileReference section */

/* Begin PBXFrameworksBuildPhase section */
		8E27659122F49DBD00E2C70F /* Frameworks */ = {
			isa = PBXFrameworksBuildPhase;
			buildActionMask = 2147483647;
			files = (
				8E1FC1B722F89F0200A8C9FF /* libc++.1.tbd in Frameworks */,
				8E1FC1B822F89F0200A8C9FF /* libc.tbd in Frameworks */,
				8E1FC1B922F89F0200A8C9FF /* libc++.tbd in Frameworks */,
				8EC625AF22FDEA81003FFABE /* libDeviceCommand.a in Frameworks */,
				8E1FC1BA22F89F0200A8C9FF /* libc++abi.tbd in Frameworks */,
				8D94DF8DA0DF1A7FD79412C4 /* Pods_BluetoothV1.framework in Frameworks */,
			);
			runOnlyForDeploymentPostprocessing = 0;
		};
/* End PBXFrameworksBuildPhase section */

/* Begin PBXGroup section */
		55F6E56F99F42571C39041BA /* Frameworks */ = {
			isa = PBXGroup;
			children = (
				8E1FC1B422F89F0200A8C9FF /* libc.tbd */,
				8E1FC1B322F89F0200A8C9FF /* libc++.1.tbd */,
				8E1FC1B522F89F0200A8C9FF /* libc++.tbd */,
				8E1FC1B622F89F0200A8C9FF /* libc++abi.tbd */,
				F0362CEF82C84DE0A7F29CEC /* Pods_BluetoothV1.framework */,
			);
			name = Frameworks;
			sourceTree = "<group>";
		};
		8E0A663C22F89BD40096CE6E /* Other */ = {
			isa = PBXGroup;
			children = (
				8E27659D22F49DBD00E2C70F /* Main.storyboard */,
				8E2765A022F49DBF00E2C70F /* Assets.xcassets */,
				8E2765A222F49DBF00E2C70F /* LaunchScreen.storyboard */,
				102DE2DC22F87B0E002B1897 /* progress_bar.json */,
				8E1FC1B222F89E5700A8C9FF /* AiTmed-Bridging-Header.h */,
				8E27659722F49DBD00E2C70F /* AppDelegate.swift */,
			);
			path = Other;
			sourceTree = "<group>";
		};
		8E0A663D22F89C0C0096CE6E /* ViewController */ = {
			isa = PBXGroup;
			children = (
				102DE2DA22F7C656002B1897 /* WaitingViewController.swift */,
				8E1FC1BF22F8E5B000A8C9FF /* DeviceViewController.swift */,
				8E2765AD22F4A35300E2C70F /* DiscoverViewController.swift */,
				8E1FC1C522F8F9AE00A8C9FF /* NewDeviceViewController.swift */,
				8E1FC1C622F8F9AE00A8C9FF /* NewDeviceViewController.xib */,
			);
			path = ViewController;
			sourceTree = "<group>";
		};
		8E0A663E22F89C1C0096CE6E /* ViewModel */ = {
			isa = PBXGroup;
			children = (
				8EF1C1EC22F4F843009A8CB4 /* DiscoverViewModel.swift */,
				8E1FC1C122F8E5EA00A8C9FF /* DeviceViewModel.swift */,
			);
			path = ViewModel;
			sourceTree = "<group>";
		};
		8E1FC1AE22F89E1F00A8C9FF /* SDK */ = {
			isa = PBXGroup;
			children = (
				8E1FC1AF22F89E1F00A8C9FF /* libDeviceCommand.a */,
				8E1FC1B022F89E1F00A8C9FF /* DeviceCommand.h */,
			);
			path = SDK;
			sourceTree = "<group>";
		};
		8E27658B22F49DBD00E2C70F = {
			isa = PBXGroup;
			children = (
				8E27659622F49DBD00E2C70F /* BluetoothV1 */,
				8E27659522F49DBD00E2C70F /* Products */,
				D06EB257B0BBF77A0CE20CE0 /* Pods */,
				55F6E56F99F42571C39041BA /* Frameworks */,
			);
			sourceTree = "<group>";
		};
		8E27659522F49DBD00E2C70F /* Products */ = {
			isa = PBXGroup;
			children = (
				8E27659422F49DBD00E2C70F /* BluetoothV1.app */,
			);
			name = Products;
			sourceTree = "<group>";
		};
		8E27659622F49DBD00E2C70F /* BluetoothV1 */ = {
			isa = PBXGroup;
			children = (
				8EC625B122FDF071003FFABE /* Constant */,
				8E8803EE22FBA686007CA201 /* Utils */,
				8E1FC1AE22F89E1F00A8C9FF /* SDK */,
				8E0A663E22F89C1C0096CE6E /* ViewModel */,
				8E0A663D22F89C0C0096CE6E /* ViewController */,
				8E0A663C22F89BD40096CE6E /* Other */,
				8E5288B422F4EF7D00AFB2A4 /* View */,
				8E5288AF22F4EED000AFB2A4 /* Model */,
				8E2765B522F4EBE200E2C70F /* Extension */,
				8E2765A522F49DBF00E2C70F /* Info.plist */,
			);
			path = BluetoothV1;
			sourceTree = "<group>";
		};
		8E2765B522F4EBE200E2C70F /* Extension */ = {
			isa = PBXGroup;
			children = (
				8E1FC1BD22F8C5FA00A8C9FF /* UIViewController.swift */,
				8E01BD4322FA54820064219D /* Date.swift */,
				8E1FC1BB22F8AD3E00A8C9FF /* Notification.swift */,
				8E2765B322F4EBDB00E2C70F /* UIFont.swift */,
				102DE2DE22F8825F002B1897 /* UIButton.swift */,
				8E2765B122F4EBD600E2C70F /* UIColor.swift */,
				8E2765AF22F4EA1F00E2C70F /* UIImage.swift */,
				8E1FC1C922F906DD00A8C9FF /* UIView.swift */,
			);
			path = Extension;
			sourceTree = "<group>";
		};
		8E5288AF22F4EED000AFB2A4 /* Model */ = {
			isa = PBXGroup;
			children = (
				8E2765AB22F49DE900E2C70F /* Record.swift */,
				8E01BD3B22FA02610064219D /* BluetoothManager.swift */,
				8EC625B422FE2995003FFABE /* DeviceStore.swift */,
			);
			path = Model;
			sourceTree = "<group>";
		};
		8E5288B422F4EF7D00AFB2A4 /* View */ = {
			isa = PBXGroup;
			children = (
				8EF1C1EE22F4FECB009A8CB4 /* SpinView.swift */,
				8EF1C1EF22F4FECB009A8CB4 /* StatusBar.swift */,
				8EF7B24C22FC97AB0081712A /* BatchCell.swift */,
				8EDAE52322FB47A0002D66D3 /* BloodPressureCell.swift */,
				8EDAE52422FB47A0002D66D3 /* BloodPressureCell.xib */,
				8E01BD3F22FA33A90064219D /* TemperatureCell.swift */,
				8E01BD4022FA33A90064219D /* TemperatureCell.xib */,
				8E5288B022F4EEF600AFB2A4 /* DeviceCell.swift */,
				8E5288B122F4EEF600AFB2A4 /* DeviceCell.xib */,
			);
			path = View;
			sourceTree = "<group>";
		};
		8E8803EE22FBA686007CA201 /* Utils */ = {
			isa = PBXGroup;
			children = (
				8E8803EF22FBA695007CA201 /* Functions.swift */,
			);
			path = Utils;
			sourceTree = "<group>";
		};
		8EC625B122FDF071003FFABE /* Constant */ = {
			isa = PBXGroup;
			children = (
				8EC625B222FDF0C7003FFABE /* Contant.swift */,
			);
			path = Constant;
			sourceTree = "<group>";
		};
		D06EB257B0BBF77A0CE20CE0 /* Pods */ = {
			isa = PBXGroup;
			children = (
				F384271F5AC77F48DCA69DE5 /* Pods-BluetoothV1.debug.xcconfig */,
				E0DB98F98727075917CD0A91 /* Pods-BluetoothV1.release.xcconfig */,
			);
			path = Pods;
			sourceTree = "<group>";
		};
/* End PBXGroup section */

/* Begin PBXNativeTarget section */
		8E27659322F49DBD00E2C70F /* BluetoothV1 */ = {
			isa = PBXNativeTarget;
			buildConfigurationList = 8E2765A822F49DBF00E2C70F /* Build configuration list for PBXNativeTarget "BluetoothV1" */;
			buildPhases = (
				8B6C4A85F1C9DD5CA0FB8D9D /* [CP] Check Pods Manifest.lock */,
				8E27659022F49DBD00E2C70F /* Sources */,
				8E27659122F49DBD00E2C70F /* Frameworks */,
				8E27659222F49DBD00E2C70F /* Resources */,
				43722F51C24D1C98E9648161 /* [CP] Embed Pods Frameworks */,
			);
			buildRules = (
			);
			dependencies = (
			);
			name = BluetoothV1;
			productName = BluetoothV1;
			productReference = 8E27659422F49DBD00E2C70F /* BluetoothV1.app */;
			productType = "com.apple.product-type.application";
		};
/* End PBXNativeTarget section */

/* Begin PBXProject section */
		8E27658C22F49DBD00E2C70F /* Project object */ = {
			isa = PBXProject;
			attributes = {
				LastSwiftUpdateCheck = 1100;
				LastUpgradeCheck = 1100;
				ORGANIZATIONNAME = "Yi Tong";
				TargetAttributes = {
					8E27659322F49DBD00E2C70F = {
						CreatedOnToolsVersion = 11.0;
					};
				};
			};
			buildConfigurationList = 8E27658F22F49DBD00E2C70F /* Build configuration list for PBXProject "BluetoothV1" */;
			compatibilityVersion = "Xcode 9.3";
			developmentRegion = en;
			hasScannedForEncodings = 0;
			knownRegions = (
				en,
				Base,
			);
			mainGroup = 8E27658B22F49DBD00E2C70F;
			productRefGroup = 8E27659522F49DBD00E2C70F /* Products */;
			projectDirPath = "";
			projectRoot = "";
			targets = (
				8E27659322F49DBD00E2C70F /* BluetoothV1 */,
			);
		};
/* End PBXProject section */

/* Begin PBXResourcesBuildPhase section */
		8E27659222F49DBD00E2C70F /* Resources */ = {
			isa = PBXResourcesBuildPhase;
			buildActionMask = 2147483647;
			files = (
				8E01BD4222FA33A90064219D /* TemperatureCell.xib in Resources */,
				8E2765A422F49DBF00E2C70F /* LaunchScreen.storyboard in Resources */,
				8E2765A122F49DBF00E2C70F /* Assets.xcassets in Resources */,
				8E1FC1C822F8F9AE00A8C9FF /* NewDeviceViewController.xib in Resources */,
				102DE2DD22F87B0E002B1897 /* progress_bar.json in Resources */,
				8E5288B322F4EEF600AFB2A4 /* DeviceCell.xib in Resources */,
				8EDAE52622FB47A0002D66D3 /* BloodPressureCell.xib in Resources */,
			);
			runOnlyForDeploymentPostprocessing = 0;
		};
/* End PBXResourcesBuildPhase section */

/* Begin PBXShellScriptBuildPhase section */
		43722F51C24D1C98E9648161 /* [CP] Embed Pods Frameworks */ = {
			isa = PBXShellScriptBuildPhase;
			buildActionMask = 2147483647;
			files = (
			);
			inputFileListPaths = (
				"${PODS_ROOT}/Target Support Files/Pods-BluetoothV1/Pods-BluetoothV1-frameworks-${CONFIGURATION}-input-files.xcfilelist",
			);
			name = "[CP] Embed Pods Frameworks";
			outputFileListPaths = (
				"${PODS_ROOT}/Target Support Files/Pods-BluetoothV1/Pods-BluetoothV1-frameworks-${CONFIGURATION}-output-files.xcfilelist",
			);
			runOnlyForDeploymentPostprocessing = 0;
			shellPath = /bin/sh;
			shellScript = "\"${PODS_ROOT}/Target Support Files/Pods-BluetoothV1/Pods-BluetoothV1-frameworks.sh\"\n";
			showEnvVarsInLog = 0;
		};
		8B6C4A85F1C9DD5CA0FB8D9D /* [CP] Check Pods Manifest.lock */ = {
			isa = PBXShellScriptBuildPhase;
			buildActionMask = 2147483647;
			files = (
			);
			inputFileListPaths = (
			);
			inputPaths = (
				"${PODS_PODFILE_DIR_PATH}/Podfile.lock",
				"${PODS_ROOT}/Manifest.lock",
			);
			name = "[CP] Check Pods Manifest.lock";
			outputFileListPaths = (
			);
			outputPaths = (
				"$(DERIVED_FILE_DIR)/Pods-BluetoothV1-checkManifestLockResult.txt",
			);
			runOnlyForDeploymentPostprocessing = 0;
			shellPath = /bin/sh;
			shellScript = "diff \"${PODS_PODFILE_DIR_PATH}/Podfile.lock\" \"${PODS_ROOT}/Manifest.lock\" > /dev/null\nif [ $? != 0 ] ; then\n    # print error to STDERR\n    echo \"error: The sandbox is not in sync with the Podfile.lock. Run 'pod install' or update your CocoaPods installation.\" >&2\n    exit 1\nfi\n# This output is used by Xcode 'outputs' to avoid re-running this script phase.\necho \"SUCCESS\" > \"${SCRIPT_OUTPUT_FILE_0}\"\n";
			showEnvVarsInLog = 0;
		};
/* End PBXShellScriptBuildPhase section */

/* Begin PBXSourcesBuildPhase section */
		8E27659022F49DBD00E2C70F /* Sources */ = {
			isa = PBXSourcesBuildPhase;
			buildActionMask = 2147483647;
			files = (
				8E1FC1BE22F8C5FA00A8C9FF /* UIViewController.swift in Sources */,
				8EF1C1F022F4FECB009A8CB4 /* SpinView.swift in Sources */,
				8E01BD3C22FA02610064219D /* BluetoothManager.swift in Sources */,
				8E1FC1C022F8E5B000A8C9FF /* DeviceViewController.swift in Sources */,
				102DE2DF22F8825F002B1897 /* UIButton.swift in Sources */,
				8EC625B522FE2995003FFABE /* DeviceStore.swift in Sources */,
				8E2765B222F4EBD600E2C70F /* UIColor.swift in Sources */,
				8E01BD4122FA33A90064219D /* TemperatureCell.swift in Sources */,
				8E2765B022F4EA1F00E2C70F /* UIImage.swift in Sources */,
				8EF1C1ED22F4F843009A8CB4 /* DiscoverViewModel.swift in Sources */,
				8E5288B222F4EEF600AFB2A4 /* DeviceCell.swift in Sources */,
				8E2765B422F4EBDB00E2C70F /* UIFont.swift in Sources */,
				8E1FC1BC22F8AD3E00A8C9FF /* Notification.swift in Sources */,
				8E8803F022FBA695007CA201 /* Functions.swift in Sources */,
				8E1FC1C722F8F9AE00A8C9FF /* NewDeviceViewController.swift in Sources */,
				8E2765AE22F4A35300E2C70F /* DiscoverViewController.swift in Sources */,
				102DE2DB22F7C656002B1897 /* WaitingViewController.swift in Sources */,
				8E1FC1C222F8E5EA00A8C9FF /* DeviceViewModel.swift in Sources */,
				8EF7B24D22FC97AB0081712A /* BatchCell.swift in Sources */,
				8E01BD4422FA54820064219D /* Date.swift in Sources */,
				8E27659822F49DBD00E2C70F /* AppDelegate.swift in Sources */,
				8EC625B322FDF0C7003FFABE /* Contant.swift in Sources */,
				8E2765AC22F49DE900E2C70F /* Record.swift in Sources */,
				8EDAE52522FB47A0002D66D3 /* BloodPressureCell.swift in Sources */,
				8E1FC1CA22F906DD00A8C9FF /* UIView.swift in Sources */,
				8EF1C1F122F4FECB009A8CB4 /* StatusBar.swift in Sources */,
			);
			runOnlyForDeploymentPostprocessing = 0;
		};
/* End PBXSourcesBuildPhase section */

/* Begin PBXVariantGroup section */
		8E27659D22F49DBD00E2C70F /* Main.storyboard */ = {
			isa = PBXVariantGroup;
			children = (
				8E27659E22F49DBD00E2C70F /* Base */,
			);
			name = Main.storyboard;
			sourceTree = "<group>";
		};
		8E2765A222F49DBF00E2C70F /* LaunchScreen.storyboard */ = {
			isa = PBXVariantGroup;
			children = (
				8E2765A322F49DBF00E2C70F /* Base */,
			);
			name = LaunchScreen.storyboard;
			sourceTree = "<group>";
		};
/* End PBXVariantGroup section */

/* Begin XCBuildConfiguration section */
		8E2765A622F49DBF00E2C70F /* Debug */ = {
			isa = XCBuildConfiguration;
			buildSettings = {
				ALWAYS_SEARCH_USER_PATHS = NO;
				CLANG_ANALYZER_NONNULL = YES;
				CLANG_ANALYZER_NUMBER_OBJECT_CONVERSION = YES_AGGRESSIVE;
				CLANG_CXX_LANGUAGE_STANDARD = "gnu++14";
				CLANG_CXX_LIBRARY = "libc++";
				CLANG_ENABLE_MODULES = YES;
				CLANG_ENABLE_OBJC_ARC = YES;
				CLANG_ENABLE_OBJC_WEAK = YES;
				CLANG_WARN_BLOCK_CAPTURE_AUTORELEASING = YES;
				CLANG_WARN_BOOL_CONVERSION = YES;
				CLANG_WARN_COMMA = YES;
				CLANG_WARN_CONSTANT_CONVERSION = YES;
				CLANG_WARN_DEPRECATED_OBJC_IMPLEMENTATIONS = YES;
				CLANG_WARN_DIRECT_OBJC_ISA_USAGE = YES_ERROR;
				CLANG_WARN_DOCUMENTATION_COMMENTS = YES;
				CLANG_WARN_EMPTY_BODY = YES;
				CLANG_WARN_ENUM_CONVERSION = YES;
				CLANG_WARN_INFINITE_RECURSION = YES;
				CLANG_WARN_INT_CONVERSION = YES;
				CLANG_WARN_NON_LITERAL_NULL_CONVERSION = YES;
				CLANG_WARN_OBJC_IMPLICIT_RETAIN_SELF = YES;
				CLANG_WARN_OBJC_LITERAL_CONVERSION = YES;
				CLANG_WARN_OBJC_ROOT_CLASS = YES_ERROR;
				CLANG_WARN_RANGE_LOOP_ANALYSIS = YES;
				CLANG_WARN_STRICT_PROTOTYPES = YES;
				CLANG_WARN_SUSPICIOUS_MOVE = YES;
				CLANG_WARN_UNGUARDED_AVAILABILITY = YES_AGGRESSIVE;
				CLANG_WARN_UNREACHABLE_CODE = YES;
				CLANG_WARN__DUPLICATE_METHOD_MATCH = YES;
				COPY_PHASE_STRIP = NO;
				DEBUG_INFORMATION_FORMAT = dwarf;
				ENABLE_STRICT_OBJC_MSGSEND = YES;
				ENABLE_TESTABILITY = YES;
				GCC_C_LANGUAGE_STANDARD = gnu11;
				GCC_DYNAMIC_NO_PIC = NO;
				GCC_NO_COMMON_BLOCKS = YES;
				GCC_OPTIMIZATION_LEVEL = 0;
				GCC_PREPROCESSOR_DEFINITIONS = (
					"DEBUG=1",
					"$(inherited)",
				);
				GCC_WARN_64_TO_32_BIT_CONVERSION = YES;
				GCC_WARN_ABOUT_RETURN_TYPE = YES_ERROR;
				GCC_WARN_UNDECLARED_SELECTOR = YES;
				GCC_WARN_UNINITIALIZED_AUTOS = YES_AGGRESSIVE;
				GCC_WARN_UNUSED_FUNCTION = YES;
				GCC_WARN_UNUSED_VARIABLE = YES;
				IPHONEOS_DEPLOYMENT_TARGET = 10.0;
				MTL_ENABLE_DEBUG_INFO = INCLUDE_SOURCE;
				MTL_FAST_MATH = YES;
				ONLY_ACTIVE_ARCH = YES;
				SDKROOT = iphoneos;
				SWIFT_ACTIVE_COMPILATION_CONDITIONS = DEBUG;
				SWIFT_OPTIMIZATION_LEVEL = "-Onone";
			};
			name = Debug;
		};
		8E2765A722F49DBF00E2C70F /* Release */ = {
			isa = XCBuildConfiguration;
			buildSettings = {
				ALWAYS_SEARCH_USER_PATHS = NO;
				CLANG_ANALYZER_NONNULL = YES;
				CLANG_ANALYZER_NUMBER_OBJECT_CONVERSION = YES_AGGRESSIVE;
				CLANG_CXX_LANGUAGE_STANDARD = "gnu++14";
				CLANG_CXX_LIBRARY = "libc++";
				CLANG_ENABLE_MODULES = YES;
				CLANG_ENABLE_OBJC_ARC = YES;
				CLANG_ENABLE_OBJC_WEAK = YES;
				CLANG_WARN_BLOCK_CAPTURE_AUTORELEASING = YES;
				CLANG_WARN_BOOL_CONVERSION = YES;
				CLANG_WARN_COMMA = YES;
				CLANG_WARN_CONSTANT_CONVERSION = YES;
				CLANG_WARN_DEPRECATED_OBJC_IMPLEMENTATIONS = YES;
				CLANG_WARN_DIRECT_OBJC_ISA_USAGE = YES_ERROR;
				CLANG_WARN_DOCUMENTATION_COMMENTS = YES;
				CLANG_WARN_EMPTY_BODY = YES;
				CLANG_WARN_ENUM_CONVERSION = YES;
				CLANG_WARN_INFINITE_RECURSION = YES;
				CLANG_WARN_INT_CONVERSION = YES;
				CLANG_WARN_NON_LITERAL_NULL_CONVERSION = YES;
				CLANG_WARN_OBJC_IMPLICIT_RETAIN_SELF = YES;
				CLANG_WARN_OBJC_LITERAL_CONVERSION = YES;
				CLANG_WARN_OBJC_ROOT_CLASS = YES_ERROR;
				CLANG_WARN_RANGE_LOOP_ANALYSIS = YES;
				CLANG_WARN_STRICT_PROTOTYPES = YES;
				CLANG_WARN_SUSPICIOUS_MOVE = YES;
				CLANG_WARN_UNGUARDED_AVAILABILITY = YES_AGGRESSIVE;
				CLANG_WARN_UNREACHABLE_CODE = YES;
				CLANG_WARN__DUPLICATE_METHOD_MATCH = YES;
				COPY_PHASE_STRIP = NO;
				DEBUG_INFORMATION_FORMAT = "dwarf-with-dsym";
				ENABLE_NS_ASSERTIONS = NO;
				ENABLE_STRICT_OBJC_MSGSEND = YES;
				GCC_C_LANGUAGE_STANDARD = gnu11;
				GCC_NO_COMMON_BLOCKS = YES;
				GCC_WARN_64_TO_32_BIT_CONVERSION = YES;
				GCC_WARN_ABOUT_RETURN_TYPE = YES_ERROR;
				GCC_WARN_UNDECLARED_SELECTOR = YES;
				GCC_WARN_UNINITIALIZED_AUTOS = YES_AGGRESSIVE;
				GCC_WARN_UNUSED_FUNCTION = YES;
				GCC_WARN_UNUSED_VARIABLE = YES;
				IPHONEOS_DEPLOYMENT_TARGET = 10.0;
				MTL_ENABLE_DEBUG_INFO = NO;
				MTL_FAST_MATH = YES;
				SDKROOT = iphoneos;
				SWIFT_COMPILATION_MODE = wholemodule;
				SWIFT_OPTIMIZATION_LEVEL = "-O";
				VALIDATE_PRODUCT = YES;
			};
			name = Release;
		};
		8E2765A922F49DBF00E2C70F /* Debug */ = {
			isa = XCBuildConfiguration;
			baseConfigurationReference = F384271F5AC77F48DCA69DE5 /* Pods-BluetoothV1.debug.xcconfig */;
			buildSettings = {
				ASSETCATALOG_COMPILER_APPICON_NAME = AppIcon;
				CODE_SIGN_STYLE = Automatic;
				DEVELOPMENT_TEAM = DKH5D278T8;
				INFOPLIST_FILE = BluetoothV1/Info.plist;
				IPHONEOS_DEPLOYMENT_TARGET = 10.0;
				LD_RUNPATH_SEARCH_PATHS = (
					"$(inherited)",
					"@executable_path/Frameworks",
				);
				LIBRARY_SEARCH_PATHS = (
					"$(inherited)",
					"$(PROJECT_DIR)/BluetoothV1/SDK",
				);
				PRODUCT_BUNDLE_IDENTIFIER = com.werurty.BluetoothV1;
				PRODUCT_NAME = "$(TARGET_NAME)";
				SWIFT_OBJC_BRIDGING_HEADER = "${PROJECT_DIR}/BluetoothV1/SDK/DeviceCommand.h";
				SWIFT_VERSION = 5.0;
				TARGETED_DEVICE_FAMILY = "1,2";
			};
			name = Debug;
		};
		8E2765AA22F49DBF00E2C70F /* Release */ = {
			isa = XCBuildConfiguration;
			baseConfigurationReference = E0DB98F98727075917CD0A91 /* Pods-BluetoothV1.release.xcconfig */;
			buildSettings = {
				ASSETCATALOG_COMPILER_APPICON_NAME = AppIcon;
				CODE_SIGN_STYLE = Automatic;
				DEVELOPMENT_TEAM = DKH5D278T8;
				INFOPLIST_FILE = BluetoothV1/Info.plist;
				IPHONEOS_DEPLOYMENT_TARGET = 10.0;
				LD_RUNPATH_SEARCH_PATHS = (
					"$(inherited)",
					"@executable_path/Frameworks",
				);
				LIBRARY_SEARCH_PATHS = (
					"$(inherited)",
					"$(PROJECT_DIR)/BluetoothV1/SDK",
				);
				PRODUCT_BUNDLE_IDENTIFIER = com.werurty.BluetoothV1;
				PRODUCT_NAME = "$(TARGET_NAME)";
				SWIFT_OBJC_BRIDGING_HEADER = "${PROJECT_DIR}/BluetoothV1/SDK/DeviceCommand.h";
				SWIFT_VERSION = 5.0;
				TARGETED_DEVICE_FAMILY = "1,2";
			};
			name = Release;
		};
/* End XCBuildConfiguration section */

/* Begin XCConfigurationList section */
		8E27658F22F49DBD00E2C70F /* Build configuration list for PBXProject "BluetoothV1" */ = {
			isa = XCConfigurationList;
			buildConfigurations = (
				8E2765A622F49DBF00E2C70F /* Debug */,
				8E2765A722F49DBF00E2C70F /* Release */,
			);
			defaultConfigurationIsVisible = 0;
			defaultConfigurationName = Release;
		};
		8E2765A822F49DBF00E2C70F /* Build configuration list for PBXNativeTarget "BluetoothV1" */ = {
			isa = XCConfigurationList;
			buildConfigurations = (
				8E2765A922F49DBF00E2C70F /* Debug */,
				8E2765AA22F49DBF00E2C70F /* Release */,
			);
			defaultConfigurationIsVisible = 0;
			defaultConfigurationName = Release;
		};
/* End XCConfigurationList section */
	};
	rootObject = 8E27658C22F49DBD00E2C70F /* Project object */;
}
